
Microsoft Visual Studio Solution File, Format Version 11.00
# Visual Studio 2010
Project("{8BC9CEB8-8B4A-11D0-8D11-00A0C91BC942}") = "ESPAsVisStudio", "ESPAsVisStudio\ESPAsVisStudio.vcxproj", "{DA6F7121-0609-470B-8016-30FBB26DA389}"
EndProject
Global
	GlobalSection(SolutionConfigurationPlatforms) = preSolution
		Debug|Win32 = Debug|Win32
		Release|Win32 = Release|Win32
	EndGlobalSection
	GlobalSection(ProjectConfigurationPlatforms) = postSolution
		{DA6F7121-0609-470B-8016-30FBB26DA389}.Debug|Win32.ActiveCfg = Debug|Win32
		{DA6F7121-0609-470B-8016-30FBB26DA389}.Debug|Win32.Build.0 = Debug|Win32
		{DA6F7121-0609-470B-8016-30FBB26DA389}.Release|Win32.ActiveCfg = Release|Win32
		{DA6F7121-0609-470B-8016-30FBB26DA389}.Release|Win32.Build.0 = Release|Win32
	EndGlobalSection
	GlobalSection(SolutionProperties) = preSolution
		HideSolutionNode = FALSE
	EndGlobalSection
EndGlobal
