
Microsoft Visual Studio Solution File, Format Version 12.00
# Visual Studio 2013
VisualStudioVersion = 12.0.31101.0
MinimumVisualStudioVersion = 10.0.40219.1
Project("{FAE04EC0-301F-11D3-BF4B-00C04F79EFBC}") = "LuaLightControl", "LuaLightControl\LuaLightControl.csproj", "{22989381-E3F1-4042-AEB2-4C86E0CAF251}"
EndProject
Project("{FAE04EC0-301F-11D3-BF4B-00C04F79EFBC}") = "ESPWifiLink", "..\Libraries\ESPWifiLink\ESPWifiLink.csproj", "{5C9DA528-2764-4E69-9736-75BC2B7E7BE7}"
EndProject
Global
	GlobalSection(SolutionConfigurationPlatforms) = preSolution
		Debug|Any CPU = Debug|Any CPU
		Release|Any CPU = Release|Any CPU
	EndGlobalSection
	GlobalSection(ProjectConfigurationPlatforms) = postSolution
		{22989381-E3F1-4042-AEB2-4C86E0CAF251}.Debug|Any CPU.ActiveCfg = Debug|Any CPU
		{22989381-E3F1-4042-AEB2-4C86E0CAF251}.Debug|Any CPU.Build.0 = Debug|Any CPU
		{22989381-E3F1-4042-AEB2-4C86E0CAF251}.Release|Any CPU.ActiveCfg = Release|Any CPU
		{22989381-E3F1-4042-AEB2-4C86E0CAF251}.Release|Any CPU.Build.0 = Release|Any CPU
		{5C9DA528-2764-4E69-9736-75BC2B7E7BE7}.Debug|Any CPU.ActiveCfg = Debug|Any CPU
		{5C9DA528-2764-4E69-9736-75BC2B7E7BE7}.Debug|Any CPU.Build.0 = Debug|Any CPU
		{5C9DA528-2764-4E69-9736-75BC2B7E7BE7}.Release|Any CPU.ActiveCfg = Release|Any CPU
		{5C9DA528-2764-4E69-9736-75BC2B7E7BE7}.Release|Any CPU.Build.0 = Release|Any CPU
	EndGlobalSection
	GlobalSection(SolutionProperties) = preSolution
		HideSolutionNode = FALSE
	EndGlobalSection
EndGlobal
